
Microsoft Visual Studio Solution File, Format Version 12.00
# Visual Studio 15
Project("{FAE04EC0-301F-11D3-BF4B-00C04F79EFBC}") = "Assembly-CSharp", "Assembly-CSharp.csproj", "{439AC05B-F85D-6770-DFCB-7D8AE458274A}"
EndProject
Project("{FAE04EC0-301F-11D3-BF4B-00C04F79EFBC}") = "Assembly-CSharp-Editor", "Assembly-CSharp-Editor.csproj", "{5CC14D81-11F9-50B3-9531-B223CC979933}"
EndProject
Global
	GlobalSection(SolutionConfigurationPlatforms) = preSolution
		Debug|Any CPU = Debug|Any CPU
		Release|Any CPU = Release|Any CPU
	EndGlobalSection
	GlobalSection(ProjectConfigurationPlatforms) = postSolution
		{439AC05B-F85D-6770-DFCB-7D8AE458274A}.Debug|Any CPU.ActiveCfg = Debug|Any CPU
		{439AC05B-F85D-6770-DFCB-7D8AE458274A}.Debug|Any CPU.Build.0 = Debug|Any CPU
		{439AC05B-F85D-6770-DFCB-7D8AE458274A}.Release|Any CPU.ActiveCfg = Release|Any CPU
		{439AC05B-F85D-6770-DFCB-7D8AE458274A}.Release|Any CPU.Build.0 = Release|Any CPU
		{5CC14D81-11F9-50B3-9531-B223CC979933}.Debug|Any CPU.ActiveCfg = Debug|Any CPU
		{5CC14D81-11F9-50B3-9531-B223CC979933}.Debug|Any CPU.Build.0 = Debug|Any CPU
		{5CC14D81-11F9-50B3-9531-B223CC979933}.Release|Any CPU.ActiveCfg = Release|Any CPU
		{5CC14D81-11F9-50B3-9531-B223CC979933}.Release|Any CPU.Build.0 = Release|Any CPU
	EndGlobalSection
	GlobalSection(SolutionProperties) = preSolution
		HideSolutionNode = FALSE
	EndGlobalSection
EndGlobal
